
Microsoft Visual Studio Solution File, Format Version 12.00
# Visual Studio Version 17
VisualStudioVersion = 17.6.33815.320
MinimumVisualStudioVersion = 10.0.40219.1
Project("{FAE04EC0-301F-11D3-BF4B-00C04F79EFBC}") = "TwistedFizzBuzz", "TwistedFizzBuzz\TwistedFizzBuzz.csproj", "{919ED34B-9630-40DC-B6E9-135F058FE257}"
EndProject
Project("{FAE04EC0-301F-11D3-BF4B-00C04F79EFBC}") = "FizzBuzzConsoleApp", "FizzBuzzConsoleApp\FizzBuzzConsoleApp.csproj", "{7FAAB458-8DB0-4CF1-B5FA-86BB0F803FA4}"
EndProject
Project("{FAE04EC0-301F-11D3-BF4B-00C04F79EFBC}") = "FizzBuzzCustomConsoleApp", "FizzBuzzCustomConsoleApp\FizzBuzzCustomConsoleApp.csproj", "{2660217D-70AC-44C9-8E81-87C370024EDF}"
EndProject
Project("{FAE04EC0-301F-11D3-BF4B-00C04F79EFBC}") = "TwistedFizzBuzzConsoleApp", "TwistedFizzBuzzConsoleApp\TwistedFizzBuzzConsoleApp.csproj", "{7C2DFBDA-86AB-43B2-AC7E-1BA23924A3DC}"
EndProject
Project("{FAE04EC0-301F-11D3-BF4B-00C04F79EFBC}") = "TwistedFizzBuzz.Tests", "TwistedFizzBuzz.Tests\TwistedFizzBuzz.Tests.csproj", "{13DBAEE5-391C-44CC-8044-3D05FBCF0418}"
EndProject
Global
	GlobalSection(SolutionConfigurationPlatforms) = preSolution
		Debug|Any CPU = Debug|Any CPU
		Release|Any CPU = Release|Any CPU
	EndGlobalSection
	GlobalSection(ProjectConfigurationPlatforms) = postSolution
		{919ED34B-9630-40DC-B6E9-135F058FE257}.Debug|Any CPU.ActiveCfg = Debug|Any CPU
		{919ED34B-9630-40DC-B6E9-135F058FE257}.Debug|Any CPU.Build.0 = Debug|Any CPU
		{919ED34B-9630-40DC-B6E9-135F058FE257}.Release|Any CPU.ActiveCfg = Release|Any CPU
		{919ED34B-9630-40DC-B6E9-135F058FE257}.Release|Any CPU.Build.0 = Release|Any CPU
		{7FAAB458-8DB0-4CF1-B5FA-86BB0F803FA4}.Debug|Any CPU.ActiveCfg = Debug|Any CPU
		{7FAAB458-8DB0-4CF1-B5FA-86BB0F803FA4}.Debug|Any CPU.Build.0 = Debug|Any CPU
		{7FAAB458-8DB0-4CF1-B5FA-86BB0F803FA4}.Release|Any CPU.ActiveCfg = Release|Any CPU
		{7FAAB458-8DB0-4CF1-B5FA-86BB0F803FA4}.Release|Any CPU.Build.0 = Release|Any CPU
		{2660217D-70AC-44C9-8E81-87C370024EDF}.Debug|Any CPU.ActiveCfg = Debug|Any CPU
		{2660217D-70AC-44C9-8E81-87C370024EDF}.Debug|Any CPU.Build.0 = Debug|Any CPU
		{2660217D-70AC-44C9-8E81-87C370024EDF}.Release|Any CPU.ActiveCfg = Release|Any CPU
		{2660217D-70AC-44C9-8E81-87C370024EDF}.Release|Any CPU.Build.0 = Release|Any CPU
		{7C2DFBDA-86AB-43B2-AC7E-1BA23924A3DC}.Debug|Any CPU.ActiveCfg = Debug|Any CPU
		{7C2DFBDA-86AB-43B2-AC7E-1BA23924A3DC}.Debug|Any CPU.Build.0 = Debug|Any CPU
		{7C2DFBDA-86AB-43B2-AC7E-1BA23924A3DC}.Release|Any CPU.ActiveCfg = Release|Any CPU
		{7C2DFBDA-86AB-43B2-AC7E-1BA23924A3DC}.Release|Any CPU.Build.0 = Release|Any CPU
		{13DBAEE5-391C-44CC-8044-3D05FBCF0418}.Debug|Any CPU.ActiveCfg = Debug|Any CPU
		{13DBAEE5-391C-44CC-8044-3D05FBCF0418}.Debug|Any CPU.Build.0 = Debug|Any CPU
		{13DBAEE5-391C-44CC-8044-3D05FBCF0418}.Release|Any CPU.ActiveCfg = Release|Any CPU
		{13DBAEE5-391C-44CC-8044-3D05FBCF0418}.Release|Any CPU.Build.0 = Release|Any CPU
	EndGlobalSection
	GlobalSection(SolutionProperties) = preSolution
		HideSolutionNode = FALSE
	EndGlobalSection
	GlobalSection(ExtensibilityGlobals) = postSolution
		SolutionGuid = {306B6633-25A7-4C60-9880-3EBBD0960653}
	EndGlobalSection
EndGlobal
